
Microsoft Visual Studio Solution File, Format Version 12.00
# Visual Studio Version 16
VisualStudioVersion = 16.0.31911.196
MinimumVisualStudioVersion = 10.0.40219.1
Project("{FAE04EC0-301F-11D3-BF4B-00C04F79EFBC}") = "Control_De_Autos", "Control_De_Autos\Control_De_Autos.csproj", "{52B31832-0A73-4081-B258-9DE844DA22E7}"
EndProject
Global
	GlobalSection(SolutionConfigurationPlatforms) = preSolution
		Debug|Any CPU = Debug|Any CPU
		Release|Any CPU = Release|Any CPU
	EndGlobalSection
	GlobalSection(ProjectConfigurationPlatforms) = postSolution
		{52B31832-0A73-4081-B258-9DE844DA22E7}.Debug|Any CPU.ActiveCfg = Debug|Any CPU
		{52B31832-0A73-4081-B258-9DE844DA22E7}.Debug|Any CPU.Build.0 = Debug|Any CPU
		{52B31832-0A73-4081-B258-9DE844DA22E7}.Release|Any CPU.ActiveCfg = Release|Any CPU
		{52B31832-0A73-4081-B258-9DE844DA22E7}.Release|Any CPU.Build.0 = Release|Any CPU
	EndGlobalSection
	GlobalSection(SolutionProperties) = preSolution
		HideSolutionNode = FALSE
	EndGlobalSection
	GlobalSection(ExtensibilityGlobals) = postSolution
		SolutionGuid = {CEB931DE-A40C-4298-A7C9-95BA3683FBD6}
	EndGlobalSection
EndGlobal
